
Microsoft Visual Studio Solution File, Format Version 12.00
Project("{FAE04EC0-301F-11D3-BF4B-00C04F79EFBC}") = "Movies.Api", "Movies.Api\Movies.Api.csproj", "{7B0B1694-9206-4022-B923-D5AA5EA5644F}"
EndProject
Project("{FAE04EC0-301F-11D3-BF4B-00C04F79EFBC}") = "Movies.Application", "Movies.Application\Movies.Application.csproj", "{3C02795A-E2AB-43F3-9452-51E6E2C86686}"
EndProject
Project("{FAE04EC0-301F-11D3-BF4B-00C04F79EFBC}") = "Movies.Contracts", "Movies.Contracts\Movies.Contracts.csproj", "{AB592DA9-8E6C-4DB1-B81F-91BBA382CEB9}"
EndProject
Project("{2150E333-8FDC-42A3-9474-1A3956D46DE8}") = "Solution Items", "Solution Items", "{966B04E0-8A75-468B-AE19-A73E37931E9C}"
	ProjectSection(SolutionItems) = preProject
		compose.yaml = compose.yaml
	EndProjectSection
EndProject
Project("{FAE04EC0-301F-11D3-BF4B-00C04F79EFBC}") = "Identity.Api", "Identity.Api\Identity.Api.csproj", "{C0F27E79-7B27-46D3-8286-003209AE9922}"
EndProject
Global
	GlobalSection(SolutionConfigurationPlatforms) = preSolution
		Debug|Any CPU = Debug|Any CPU
		Release|Any CPU = Release|Any CPU
	EndGlobalSection
	GlobalSection(ProjectConfigurationPlatforms) = postSolution
		{7B0B1694-9206-4022-B923-D5AA5EA5644F}.Debug|Any CPU.ActiveCfg = Debug|Any CPU
		{7B0B1694-9206-4022-B923-D5AA5EA5644F}.Debug|Any CPU.Build.0 = Debug|Any CPU
		{7B0B1694-9206-4022-B923-D5AA5EA5644F}.Release|Any CPU.ActiveCfg = Release|Any CPU
		{7B0B1694-9206-4022-B923-D5AA5EA5644F}.Release|Any CPU.Build.0 = Release|Any CPU
		{3C02795A-E2AB-43F3-9452-51E6E2C86686}.Debug|Any CPU.ActiveCfg = Debug|Any CPU
		{3C02795A-E2AB-43F3-9452-51E6E2C86686}.Debug|Any CPU.Build.0 = Debug|Any CPU
		{3C02795A-E2AB-43F3-9452-51E6E2C86686}.Release|Any CPU.ActiveCfg = Release|Any CPU
		{3C02795A-E2AB-43F3-9452-51E6E2C86686}.Release|Any CPU.Build.0 = Release|Any CPU
		{AB592DA9-8E6C-4DB1-B81F-91BBA382CEB9}.Debug|Any CPU.ActiveCfg = Debug|Any CPU
		{AB592DA9-8E6C-4DB1-B81F-91BBA382CEB9}.Debug|Any CPU.Build.0 = Debug|Any CPU
		{AB592DA9-8E6C-4DB1-B81F-91BBA382CEB9}.Release|Any CPU.ActiveCfg = Release|Any CPU
		{AB592DA9-8E6C-4DB1-B81F-91BBA382CEB9}.Release|Any CPU.Build.0 = Release|Any CPU
		{C0F27E79-7B27-46D3-8286-003209AE9922}.Debug|Any CPU.ActiveCfg = Debug|Any CPU
		{C0F27E79-7B27-46D3-8286-003209AE9922}.Debug|Any CPU.Build.0 = Debug|Any CPU
		{C0F27E79-7B27-46D3-8286-003209AE9922}.Release|Any CPU.ActiveCfg = Release|Any CPU
		{C0F27E79-7B27-46D3-8286-003209AE9922}.Release|Any CPU.Build.0 = Release|Any CPU
	EndGlobalSection
EndGlobal
